
Microsoft Visual Studio Solution File, Format Version 12.00
# Visual Studio Version 17
VisualStudioVersion = 17.3.32929.385
MinimumVisualStudioVersion = 10.0.40219.1
Project("{FAE04EC0-301F-11D3-BF4B-00C04F79EFBC}") = "Assignment1", "Assignment1\Assignment1.csproj", "{D182089E-3805-41FB-9924-B7B13F8747AA}"
EndProject
Global
	GlobalSection(SolutionConfigurationPlatforms) = preSolution
		Debug|Any CPU = Debug|Any CPU
		Release|Any CPU = Release|Any CPU
	EndGlobalSection
	GlobalSection(ProjectConfigurationPlatforms) = postSolution
		{D182089E-3805-41FB-9924-B7B13F8747AA}.Debug|Any CPU.ActiveCfg = Debug|Any CPU
		{D182089E-3805-41FB-9924-B7B13F8747AA}.Debug|Any CPU.Build.0 = Debug|Any CPU
		{D182089E-3805-41FB-9924-B7B13F8747AA}.Release|Any CPU.ActiveCfg = Release|Any CPU
		{D182089E-3805-41FB-9924-B7B13F8747AA}.Release|Any CPU.Build.0 = Release|Any CPU
	EndGlobalSection
	GlobalSection(SolutionProperties) = preSolution
		HideSolutionNode = FALSE
	EndGlobalSection
	GlobalSection(ExtensibilityGlobals) = postSolution
		SolutionGuid = {7E9EFA19-1F6D-4AEA-9233-C502E9F23571}
	EndGlobalSection
EndGlobal
